
Microsoft Visual Studio Solution File, Format Version 12.00
# Visual Studio Version 16
VisualStudioVersion = 16.0.30128.74
MinimumVisualStudioVersion = 10.0.40219.1
Project("{FAE04EC0-301F-11D3-BF4B-00C04F79EFBC}") = "web-app-2", "web-app-2.csproj", "{1E5632A0-2DAB-4603-BFF3-C3F2D9CAF5BF}"
EndProject
Global
	GlobalSection(SolutionConfigurationPlatforms) = preSolution
		Debug|Any CPU = Debug|Any CPU
		Release|Any CPU = Release|Any CPU
	EndGlobalSection
	GlobalSection(ProjectConfigurationPlatforms) = postSolution
		{1E5632A0-2DAB-4603-BFF3-C3F2D9CAF5BF}.Debug|Any CPU.ActiveCfg = Debug|Any CPU
		{1E5632A0-2DAB-4603-BFF3-C3F2D9CAF5BF}.Debug|Any CPU.Build.0 = Debug|Any CPU
		{1E5632A0-2DAB-4603-BFF3-C3F2D9CAF5BF}.Release|Any CPU.ActiveCfg = Release|Any CPU
		{1E5632A0-2DAB-4603-BFF3-C3F2D9CAF5BF}.Release|Any CPU.Build.0 = Release|Any CPU
	EndGlobalSection
	GlobalSection(SolutionProperties) = preSolution
		HideSolutionNode = FALSE
	EndGlobalSection
	GlobalSection(ExtensibilityGlobals) = postSolution
		SolutionGuid = {E7D1DD98-A1CA-4126-AA86-C1A7635712A1}
	EndGlobalSection
EndGlobal
